
Microsoft Visual Studio Solution File, Format Version 12.00
# Visual Studio 14
VisualStudioVersion = 14.0.25420.1
MinimumVisualStudioVersion = 10.0.40219.1
Project("{FAE04EC0-301F-11D3-BF4B-00C04F79EFBC}") = "Granite", "Granite\Granite.csproj", "{63671C1A-7D5F-4443-9781-F0A964AE2F37}"
EndProject
Global
	GlobalSection(SolutionConfigurationPlatforms) = preSolution
		Debug|Any CPU = Debug|Any CPU
		Release|Any CPU = Release|Any CPU
	EndGlobalSection
	GlobalSection(ProjectConfigurationPlatforms) = postSolution
		{63671C1A-7D5F-4443-9781-F0A964AE2F37}.Debug|Any CPU.ActiveCfg = Debug|Any CPU
		{63671C1A-7D5F-4443-9781-F0A964AE2F37}.Debug|Any CPU.Build.0 = Debug|Any CPU
		{63671C1A-7D5F-4443-9781-F0A964AE2F37}.Release|Any CPU.ActiveCfg = Release|Any CPU
		{63671C1A-7D5F-4443-9781-F0A964AE2F37}.Release|Any CPU.Build.0 = Release|Any CPU
	EndGlobalSection
	GlobalSection(SolutionProperties) = preSolution
		HideSolutionNode = FALSE
	EndGlobalSection
EndGlobal
